Microsoft Visual Studio Solution File, Format Version 12.00
# Visual Studio Version 17
VisualStudioVersion = 17.5.2.0
MinimumVisualStudioVersion = 10.0.40219.1
Project("{FAE04EC0-301F-11D3-BF4B-00C04F79EFBC}") = "e-ticaret-proje", "e-ticaret-proje.csproj", "{1F0C08DA-C2F2-CE2D-721B-390EA503AA21}"
EndProject
Global
	GlobalSection(SolutionConfigurationPlatforms) = preSolution
		Debug|Any CPU = Debug|Any CPU
		Release|Any CPU = Release|Any CPU
	EndGlobalSection
	GlobalSection(ProjectConfigurationPlatforms) = postSolution
		{1F0C08DA-C2F2-CE2D-721B-390EA503AA21}.Debug|Any CPU.ActiveCfg = Debug|Any CPU
		{1F0C08DA-C2F2-CE2D-721B-390EA503AA21}.Debug|Any CPU.Build.0 = Debug|Any CPU
		{1F0C08DA-C2F2-CE2D-721B-390EA503AA21}.Release|Any CPU.ActiveCfg = Release|Any CPU
		{1F0C08DA-C2F2-CE2D-721B-390EA503AA21}.Release|Any CPU.Build.0 = Release|Any CPU
	EndGlobalSection
	GlobalSection(SolutionProperties) = preSolution
		HideSolutionNode = FALSE
	EndGlobalSection
	GlobalSection(ExtensibilityGlobals) = postSolution
		SolutionGuid = {D9B368AA-22B5-45BD-B9C6-49BDE20568C1}
	EndGlobalSection
EndGlobal
